
Microsoft Visual Studio Solution File, Format Version 12.00
# Visual Studio Version 17
VisualStudioVersion = 17.5.002.0
MinimumVisualStudioVersion = 10.0.40219.1
Project("{9A19103F-16F7-4668-BE54-9A1E7A4F7556}") = "PlaywrightTests", "PlaywrightTests.csproj", "{B4999391-92CD-45B5-8E23-BCEC87EDCF73}"
EndProject
Global
	GlobalSection(SolutionConfigurationPlatforms) = preSolution
		Debug|Any CPU = Debug|Any CPU
		Release|Any CPU = Release|Any CPU
	EndGlobalSection
	GlobalSection(ProjectConfigurationPlatforms) = postSolution
		{B4999391-92CD-45B5-8E23-BCEC87EDCF73}.Debug|Any CPU.ActiveCfg = Debug|Any CPU
		{B4999391-92CD-45B5-8E23-BCEC87EDCF73}.Debug|Any CPU.Build.0 = Debug|Any CPU
		{B4999391-92CD-45B5-8E23-BCEC87EDCF73}.Release|Any CPU.ActiveCfg = Release|Any CPU
		{B4999391-92CD-45B5-8E23-BCEC87EDCF73}.Release|Any CPU.Build.0 = Release|Any CPU
	EndGlobalSection
	GlobalSection(SolutionProperties) = preSolution
		HideSolutionNode = FALSE
	EndGlobalSection
	GlobalSection(ExtensibilityGlobals) = postSolution
		SolutionGuid = {DDE45219-F7FB-4B23-BC80-AD58E548D80C}
	EndGlobalSection
EndGlobal
